
Microsoft Visual Studio Solution File, Format Version 12.00
# Visual Studio 14
VisualStudioVersion = 14.0.25420.1
MinimumVisualStudioVersion = 10.0.40219.1
Project("{FAE04EC0-301F-11D3-BF4B-00C04F79EFBC}") = "TestAndroid.Droid", "TestAndroid\TestAndroid.Droid.csproj", "{9D7D0BB3-19E4-4FD9-A5B1-EAC2B7BD962D}"
EndProject
Project("{FAE04EC0-301F-11D3-BF4B-00C04F79EFBC}") = "TestAndroid.Core", "App1\App1\TestAndroid.Core.csproj", "{CDBA1E79-9A14-46DE-BA2C-1DFDC844DFF1}"
EndProject
Global
	GlobalSection(SolutionConfigurationPlatforms) = preSolution
		Debug|Any CPU = Debug|Any CPU
		Debug|iPhone = Debug|iPhone
		Debug|iPhoneSimulator = Debug|iPhoneSimulator
		Release|Any CPU = Release|Any CPU
		Release|iPhone = Release|iPhone
		Release|iPhoneSimulator = Release|iPhoneSimulator
	EndGlobalSection
	GlobalSection(ProjectConfigurationPlatforms) = postSolution
		{9D7D0BB3-19E4-4FD9-A5B1-EAC2B7BD962D}.Debug|Any CPU.ActiveCfg = Debug|Any CPU
		{9D7D0BB3-19E4-4FD9-A5B1-EAC2B7BD962D}.Debug|Any CPU.Build.0 = Debug|Any CPU
		{9D7D0BB3-19E4-4FD9-A5B1-EAC2B7BD962D}.Debug|Any CPU.Deploy.0 = Debug|Any CPU
		{9D7D0BB3-19E4-4FD9-A5B1-EAC2B7BD962D}.Debug|iPhone.ActiveCfg = Debug|Any CPU
		{9D7D0BB3-19E4-4FD9-A5B1-EAC2B7BD962D}.Debug|iPhone.Build.0 = Debug|Any CPU
		{9D7D0BB3-19E4-4FD9-A5B1-EAC2B7BD962D}.Debug|iPhone.Deploy.0 = Debug|Any CPU
		{9D7D0BB3-19E4-4FD9-A5B1-EAC2B7BD962D}.Debug|iPhoneSimulator.ActiveCfg = Debug|Any CPU
		{9D7D0BB3-19E4-4FD9-A5B1-EAC2B7BD962D}.Debug|iPhoneSimulator.Build.0 = Debug|Any CPU
		{9D7D0BB3-19E4-4FD9-A5B1-EAC2B7BD962D}.Debug|iPhoneSimulator.Deploy.0 = Debug|Any CPU
		{9D7D0BB3-19E4-4FD9-A5B1-EAC2B7BD962D}.Release|Any CPU.ActiveCfg = Release|Any CPU
		{9D7D0BB3-19E4-4FD9-A5B1-EAC2B7BD962D}.Release|Any CPU.Build.0 = Release|Any CPU
		{9D7D0BB3-19E4-4FD9-A5B1-EAC2B7BD962D}.Release|Any CPU.Deploy.0 = Release|Any CPU
		{9D7D0BB3-19E4-4FD9-A5B1-EAC2B7BD962D}.Release|iPhone.ActiveCfg = Release|Any CPU
		{9D7D0BB3-19E4-4FD9-A5B1-EAC2B7BD962D}.Release|iPhone.Build.0 = Release|Any CPU
		{9D7D0BB3-19E4-4FD9-A5B1-EAC2B7BD962D}.Release|iPhone.Deploy.0 = Release|Any CPU
		{9D7D0BB3-19E4-4FD9-A5B1-EAC2B7BD962D}.Release|iPhoneSimulator.ActiveCfg = Release|Any CPU
		{9D7D0BB3-19E4-4FD9-A5B1-EAC2B7BD962D}.Release|iPhoneSimulator.Build.0 = Release|Any CPU
		{9D7D0BB3-19E4-4FD9-A5B1-EAC2B7BD962D}.Release|iPhoneSimulator.Deploy.0 = Release|Any CPU
		{CDBA1E79-9A14-46DE-BA2C-1DFDC844DFF1}.Debug|Any CPU.ActiveCfg = Debug|Any CPU
		{CDBA1E79-9A14-46DE-BA2C-1DFDC844DFF1}.Debug|Any CPU.Build.0 = Debug|Any CPU
		{CDBA1E79-9A14-46DE-BA2C-1DFDC844DFF1}.Debug|iPhone.ActiveCfg = Debug|Any CPU
		{CDBA1E79-9A14-46DE-BA2C-1DFDC844DFF1}.Debug|iPhone.Build.0 = Debug|Any CPU
		{CDBA1E79-9A14-46DE-BA2C-1DFDC844DFF1}.Debug|iPhoneSimulator.ActiveCfg = Debug|Any CPU
		{CDBA1E79-9A14-46DE-BA2C-1DFDC844DFF1}.Debug|iPhoneSimulator.Build.0 = Debug|Any CPU
		{CDBA1E79-9A14-46DE-BA2C-1DFDC844DFF1}.Release|Any CPU.ActiveCfg = Release|Any CPU
		{CDBA1E79-9A14-46DE-BA2C-1DFDC844DFF1}.Release|Any CPU.Build.0 = Release|Any CPU
		{CDBA1E79-9A14-46DE-BA2C-1DFDC844DFF1}.Release|iPhone.ActiveCfg = Release|Any CPU
		{CDBA1E79-9A14-46DE-BA2C-1DFDC844DFF1}.Release|iPhone.Build.0 = Release|Any CPU
		{CDBA1E79-9A14-46DE-BA2C-1DFDC844DFF1}.Release|iPhoneSimulator.ActiveCfg = Release|Any CPU
		{CDBA1E79-9A14-46DE-BA2C-1DFDC844DFF1}.Release|iPhoneSimulator.Build.0 = Release|Any CPU
	EndGlobalSection
	GlobalSection(SolutionProperties) = preSolution
		HideSolutionNode = FALSE
	EndGlobalSection
EndGlobal
